{
  "name": "task1",
  "version": "1.0.0",
  "lockfileVersion": 2,
  "requires": true,
  "packages": {
    "": {
      "version": "1.0.0",
      "license": "ISC",
      "dependencies": {
        "@michaelzeddy/npmtestone": "^2.0.0"
      }
    },
    "node_modules/@michaelzeddy/npmtestone": {
      "version": "2.0.0",
      "resolved": "https://registry.npmjs.org/@michaelzeddy/npmtestone/-/npmtestone-2.0.0.tgz",
      "integrity": "sha512-oiFMVXUZw9bsQ1Z7GPjMCieo48fNDLRMdHwWG3Sfnesa7ZDJxaMUwvl+vIFQfY6YrAftkqROP2Yqgxix0RY7hQ=="
    }
  },
  "dependencies": {
    "@michaelzeddy/npmtestone": {
      "version": "2.0.0",
      "resolved": "https://registry.npmjs.org/@michaelzeddy/npmtestone/-/npmtestone-2.0.0.tgz",
      "integrity": "sha512-oiFMVXUZw9bsQ1Z7GPjMCieo48fNDLRMdHwWG3Sfnesa7ZDJxaMUwvl+vIFQfY6YrAftkqROP2Yqgxix0RY7hQ=="
    }
  }
}
